// !$*UTF8*$!
{
	archiveVersion = 1;
	classes = {
	};
	objectVersion = 46;
	objects = {

/* Begin PBXBuildFile section */
		B902F6F31E98CDF900B91457 /* ElitismTest.swift in Sources */ = {isa = PBXBuildFile; fileRef = B902F6F21E98CDF900B91457 /* ElitismTest.swift */; };
		B902F6F41E98CE1B00B91457 /* Chromosome.swift in Sources */ = {isa = PBXBuildFile; fileRef = B90B79861E96187600B38049 /* Chromosome.swift */; };
		B902F6F51E98CE2300B91457 /* Fitness.swift in Sources */ = {isa = PBXBuildFile; fileRef = B97D58371E977061001B522F /* Fitness.swift */; };
		B902F6F61E98CE2300B91457 /* GeneticAlgorithm.swift in Sources */ = {isa = PBXBuildFile; fileRef = B90B798A1E96293E00B38049 /* GeneticAlgorithm.swift */; };
		B902F6F71E98CE2300B91457 /* Mutation.swift in Sources */ = {isa = PBXBuildFile; fileRef = B97D58351E9769BF001B522F /* Mutation.swift */; };
		B902F6F81E98CE2300B91457 /* Organism.swift in Sources */ = {isa = PBXBuildFile; fileRef = B90B79881E96204A00B38049 /* Organism.swift */; };
		B902F6F91E98CE2300B91457 /* Population.swift in Sources */ = {isa = PBXBuildFile; fileRef = B97D58391E9779B9001B522F /* Population.swift */; };
		B902F6FA1E98CE2300B91457 /* Reproduction.swift in Sources */ = {isa = PBXBuildFile; fileRef = B97D583D1E977D01001B522F /* Reproduction.swift */; };
		B902F6FC1E98D0F600B91457 /* TestHelper.swift in Sources */ = {isa = PBXBuildFile; fileRef = B902F6FB1E98D0F600B91457 /* TestHelper.swift */; };
		B90B79801E960F5800B38049 /* main.swift in Sources */ = {isa = PBXBuildFile; fileRef = B90B797F1E960F5800B38049 /* main.swift */; };
		B90B79871E96187600B38049 /* Chromosome.swift in Sources */ = {isa = PBXBuildFile; fileRef = B90B79861E96187600B38049 /* Chromosome.swift */; };
		B90B79891E96204A00B38049 /* Organism.swift in Sources */ = {isa = PBXBuildFile; fileRef = B90B79881E96204A00B38049 /* Organism.swift */; };
		B90B798B1E96293E00B38049 /* GeneticAlgorithm.swift in Sources */ = {isa = PBXBuildFile; fileRef = B90B798A1E96293E00B38049 /* GeneticAlgorithm.swift */; };
		B97BFD061EA452A80046E642 /* FileIO.swift in Sources */ = {isa = PBXBuildFile; fileRef = B97BFD051EA452A80046E642 /* FileIO.swift */; };
		B97BFD081EA492050046E642 /* Parameter.swift in Sources */ = {isa = PBXBuildFile; fileRef = B97BFD071EA492050046E642 /* Parameter.swift */; };
		B97BFD0A1EA495480046E642 /* Sudoku.swift in Sources */ = {isa = PBXBuildFile; fileRef = B97BFD091EA495480046E642 /* Sudoku.swift */; };
		B97D58361E9769BF001B522F /* Mutation.swift in Sources */ = {isa = PBXBuildFile; fileRef = B97D58351E9769BF001B522F /* Mutation.swift */; };
		B97D58381E977061001B522F /* Fitness.swift in Sources */ = {isa = PBXBuildFile; fileRef = B97D58371E977061001B522F /* Fitness.swift */; };
		B97D583A1E9779B9001B522F /* Population.swift in Sources */ = {isa = PBXBuildFile; fileRef = B97D58391E9779B9001B522F /* Population.swift */; };
		B97D583E1E977D01001B522F /* Reproduction.swift in Sources */ = {isa = PBXBuildFile; fileRef = B97D583D1E977D01001B522F /* Reproduction.swift */; };
		B9845BD71E9C821B0049C6E7 /* Board.swift in Sources */ = {isa = PBXBuildFile; fileRef = B9845BD61E9C821B0049C6E7 /* Board.swift */; };
		B9845BD81E9C82240049C6E7 /* Board.swift in Sources */ = {isa = PBXBuildFile; fileRef = B9845BD61E9C821B0049C6E7 /* Board.swift */; };
		B9C498C01E9B507600144E12 /* Output.swift in Sources */ = {isa = PBXBuildFile; fileRef = B9C498BF1E9B507600144E12 /* Output.swift */; };
		B9C498C21E9B785E00144E12 /* BoardTest.swift in Sources */ = {isa = PBXBuildFile; fileRef = B9C498C11E9B785E00144E12 /* BoardTest.swift */; };
/* End PBXBuildFile section */

/* Begin PBXCopyFilesBuildPhase section */
		B90B797A1E960F5800B38049 /* CopyFiles */ = {
			isa = PBXCopyFilesBuildPhase;
			buildActionMask = 2147483647;
			dstPath = /usr/share/man/man1/;
			dstSubfolderSpec = 0;
			files = (
			);
			runOnlyForDeploymentPostprocessing = 1;
		};
/* End PBXCopyFilesBuildPhase section */

/* Begin PBXFileReference section */
		B902F6EA1E98CDC300B91457 /* GeneticAlgoSudokuTests.xctest */ = {isa = PBXFileReference; explicitFileType = wrapper.cfbundle; includeInIndex = 0; path = GeneticAlgoSudokuTests.xctest; sourceTree = BUILT_PRODUCTS_DIR; };
		B902F6EE1E98CDC400B91457 /* Info.plist */ = {isa = PBXFileReference; lastKnownFileType = text.plist.xml; path = Info.plist; sourceTree = "<group>"; };
		B902F6F21E98CDF900B91457 /* ElitismTest.swift */ = {isa = PBXFileReference; fileEncoding = 4; lastKnownFileType = sourcecode.swift; path = ElitismTest.swift; sourceTree = "<group>"; };
		B902F6FB1E98D0F600B91457 /* TestHelper.swift */ = {isa = PBXFileReference; fileEncoding = 4; lastKnownFileType = sourcecode.swift; path = TestHelper.swift; sourceTree = "<group>"; };
		B90B797C1E960F5800B38049 /* GeneticAlgoSudoku */ = {isa = PBXFileReference; explicitFileType = "compiled.mach-o.executable"; includeInIndex = 0; path = GeneticAlgoSudoku; sourceTree = BUILT_PRODUCTS_DIR; };
		B90B797F1E960F5800B38049 /* main.swift */ = {isa = PBXFileReference; lastKnownFileType = sourcecode.swift; path = main.swift; sourceTree = "<group>"; };
		B90B79861E96187600B38049 /* Chromosome.swift */ = {isa = PBXFileReference; fileEncoding = 4; lastKnownFileType = sourcecode.swift; path = Chromosome.swift; sourceTree = "<group>"; };
		B90B79881E96204A00B38049 /* Organism.swift */ = {isa = PBXFileReference; fileEncoding = 4; lastKnownFileType = sourcecode.swift; path = Organism.swift; sourceTree = "<group>"; };
		B90B798A1E96293E00B38049 /* GeneticAlgorithm.swift */ = {isa = PBXFileReference; fileEncoding = 4; lastKnownFileType = sourcecode.swift; path = GeneticAlgorithm.swift; sourceTree = "<group>"; };
		B97BFD051EA452A80046E642 /* FileIO.swift */ = {isa = PBXFileReference; fileEncoding = 4; lastKnownFileType = sourcecode.swift; path = FileIO.swift; sourceTree = "<group>"; };
		B97BFD071EA492050046E642 /* Parameter.swift */ = {isa = PBXFileReference; fileEncoding = 4; lastKnownFileType = sourcecode.swift; path = Parameter.swift; sourceTree = "<group>"; };
		B97BFD091EA495480046E642 /* Sudoku.swift */ = {isa = PBXFileReference; fileEncoding = 4; lastKnownFileType = sourcecode.swift; path = Sudoku.swift; sourceTree = "<group>"; };
		B97D58351E9769BF001B522F /* Mutation.swift */ = {isa = PBXFileReference; fileEncoding = 4; lastKnownFileType = sourcecode.swift; path = Mutation.swift; sourceTree = "<group>"; };
		B97D58371E977061001B522F /* Fitness.swift */ = {isa = PBXFileReference; fileEncoding = 4; lastKnownFileType = sourcecode.swift; path = Fitness.swift; sourceTree = "<group>"; };
		B97D58391E9779B9001B522F /* Population.swift */ = {isa = PBXFileReference; fileEncoding = 4; lastKnownFileType = sourcecode.swift; path = Population.swift; sourceTree = "<group>"; };
		B97D583D1E977D01001B522F /* Reproduction.swift */ = {isa = PBXFileReference; fileEncoding = 4; lastKnownFileType = sourcecode.swift; path = Reproduction.swift; sourceTree = "<group>"; };
		B9845BD61E9C821B0049C6E7 /* Board.swift */ = {isa = PBXFileReference; fileEncoding = 4; lastKnownFileType = sourcecode.swift; path = Board.swift; sourceTree = "<group>"; };
		B9C498BF1E9B507600144E12 /* Output.swift */ = {isa = PBXFileReference; fileEncoding = 4; lastKnownFileType = sourcecode.swift; path = Output.swift; sourceTree = "<group>"; };
		B9C498C11E9B785E00144E12 /* BoardTest.swift */ = {isa = PBXFileReference; fileEncoding = 4; lastKnownFileType = sourcecode.swift; path = BoardTest.swift; sourceTree = "<group>"; };
/* End PBXFileReference section */

/* Begin PBXFrameworksBuildPhase section */
		B902F6E71E98CDC300B91457 /* Frameworks */ = {
			isa = PBXFrameworksBuildPhase;
			buildActionMask = 2147483647;
			files = (
			);
			runOnlyForDeploymentPostprocessing = 0;
		};
		B90B79791E960F5800B38049 /* Frameworks */ = {
			isa = PBXFrameworksBuildPhase;
			buildActionMask = 2147483647;
			files = (
			);
			runOnlyForDeploymentPostprocessing = 0;
		};
/* End PBXFrameworksBuildPhase section */

/* Begin PBXGroup section */
		B902F6EB1E98CDC400B91457 /* GeneticAlgoSudokuTests */ = {
			isa = PBXGroup;
			children = (
				B902F6EE1E98CDC400B91457 /* Info.plist */,
				B9C498C11E9B785E00144E12 /* BoardTest.swift */,
				B902F6F21E98CDF900B91457 /* ElitismTest.swift */,
				B902F6FB1E98D0F600B91457 /* TestHelper.swift */,
			);
			path = GeneticAlgoSudokuTests;
			sourceTree = "<group>";
		};
		B90B79731E960F5800B38049 = {
			isa = PBXGroup;
			children = (
				B90B797E1E960F5800B38049 /* GeneticAlgoSudoku */,
				B902F6EB1E98CDC400B91457 /* GeneticAlgoSudokuTests */,
				B90B797D1E960F5800B38049 /* Products */,
			);
			sourceTree = "<group>";
		};
		B90B797D1E960F5800B38049 /* Products */ = {
			isa = PBXGroup;
			children = (
				B90B797C1E960F5800B38049 /* GeneticAlgoSudoku */,
				B902F6EA1E98CDC300B91457 /* GeneticAlgoSudokuTests.xctest */,
			);
			name = Products;
			sourceTree = "<group>";
		};
		B90B797E1E960F5800B38049 /* GeneticAlgoSudoku */ = {
			isa = PBXGroup;
			children = (
				B97D583B1E9779C5001B522F /* Main */,
				B97D583C1E9779D0001B522F /* Source */,
			);
			path = GeneticAlgoSudoku;
			sourceTree = "<group>";
		};
		B97D583B1E9779C5001B522F /* Main */ = {
			isa = PBXGroup;
			children = (
				B90B797F1E960F5800B38049 /* main.swift */,
			);
			name = Main;
			sourceTree = "<group>";
		};
		B97D583C1E9779D0001B522F /* Source */ = {
			isa = PBXGroup;
			children = (
				B9845BD61E9C821B0049C6E7 /* Board.swift */,
				B90B79861E96187600B38049 /* Chromosome.swift */,
				B97BFD051EA452A80046E642 /* FileIO.swift */,
				B97D58371E977061001B522F /* Fitness.swift */,
				B90B798A1E96293E00B38049 /* GeneticAlgorithm.swift */,
				B97D58351E9769BF001B522F /* Mutation.swift */,
				B90B79881E96204A00B38049 /* Organism.swift */,
				B9C498BF1E9B507600144E12 /* Output.swift */,
				B97BFD071EA492050046E642 /* Parameter.swift */,
				B97D58391E9779B9001B522F /* Population.swift */,
				B97D583D1E977D01001B522F /* Reproduction.swift */,
				B97BFD091EA495480046E642 /* Sudoku.swift */,
			);
			name = Source;
			sourceTree = "<group>";
		};
/* End PBXGroup section */

/* Begin PBXNativeTarget section */
		B902F6E91E98CDC300B91457 /* GeneticAlgoSudokuTests */ = {
			isa = PBXNativeTarget;
			buildConfigurationList = B902F6EF1E98CDC400B91457 /* Build configuration list for PBXNativeTarget "GeneticAlgoSudokuTests" */;
			buildPhases = (
				B902F6E61E98CDC300B91457 /* Sources */,
				B902F6E71E98CDC300B91457 /* Frameworks */,
				B902F6E81E98CDC300B91457 /* Resources */,
			);
			buildRules = (
			);
			dependencies = (
			);
			name = GeneticAlgoSudokuTests;
			productName = GeneticAlgoSudokuTests;
			productReference = B902F6EA1E98CDC300B91457 /* GeneticAlgoSudokuTests.xctest */;
			productType = "com.apple.product-type.bundle.unit-test";
		};
		B90B797B1E960F5800B38049 /* GeneticAlgoSudoku */ = {
			isa = PBXNativeTarget;
			buildConfigurationList = B90B79831E960F5800B38049 /* Build configuration list for PBXNativeTarget "GeneticAlgoSudoku" */;
			buildPhases = (
				B90B79781E960F5800B38049 /* Sources */,
				B90B79791E960F5800B38049 /* Frameworks */,
				B90B797A1E960F5800B38049 /* CopyFiles */,
			);
			buildRules = (
			);
			dependencies = (
			);
			name = GeneticAlgoSudoku;
			productName = GeneticAlgoSudoku;
			productReference = B90B797C1E960F5800B38049 /* GeneticAlgoSudoku */;
			productType = "com.apple.product-type.tool";
		};
/* End PBXNativeTarget section */

/* Begin PBXProject section */
		B90B79741E960F5800B38049 /* Project object */ = {
			isa = PBXProject;
			attributes = {
				LastSwiftUpdateCheck = 0800;
				LastUpgradeCheck = 0800;
				ORGANIZATIONNAME = Ner;
				TargetAttributes = {
					B902F6E91E98CDC300B91457 = {
						CreatedOnToolsVersion = 8.0;
						DevelopmentTeam = 4WBRGV5Z9M;
						LastSwiftMigration = 0800;
						ProvisioningStyle = Automatic;
					};
					B90B797B1E960F5800B38049 = {
						CreatedOnToolsVersion = 8.0;
						DevelopmentTeam = 4WBRGV5Z9M;
						ProvisioningStyle = Automatic;
					};
				};
			};
			buildConfigurationList = B90B79771E960F5800B38049 /* Build configuration list for PBXProject "GeneticAlgoSudoku" */;
			compatibilityVersion = "Xcode 3.2";
			developmentRegion = English;
			hasScannedForEncodings = 0;
			knownRegions = (
				en,
			);
			mainGroup = B90B79731E960F5800B38049;
			productRefGroup = B90B797D1E960F5800B38049 /* Products */;
			projectDirPath = "";
			projectRoot = "";
			targets = (
				B90B797B1E960F5800B38049 /* GeneticAlgoSudoku */,
				B902F6E91E98CDC300B91457 /* GeneticAlgoSudokuTests */,
			);
		};
/* End PBXProject section */

/* Begin PBXResourcesBuildPhase section */
		B902F6E81E98CDC300B91457 /* Resources */ = {
			isa = PBXResourcesBuildPhase;
			buildActionMask = 2147483647;
			files = (
			);
			runOnlyForDeploymentPostprocessing = 0;
		};
/* End PBXResourcesBuildPhase section */

/* Begin PBXSourcesBuildPhase section */
		B902F6E61E98CDC300B91457 /* Sources */ = {
			isa = PBXSourcesBuildPhase;
			buildActionMask = 2147483647;
			files = (
				B902F6F51E98CE2300B91457 /* Fitness.swift in Sources */,
				B902F6F81E98CE2300B91457 /* Organism.swift in Sources */,
				B9C498C21E9B785E00144E12 /* BoardTest.swift in Sources */,
				B902F6F31E98CDF900B91457 /* ElitismTest.swift in Sources */,
				B9845BD81E9C82240049C6E7 /* Board.swift in Sources */,
				B902F6FA1E98CE2300B91457 /* Reproduction.swift in Sources */,
				B902F6F91E98CE2300B91457 /* Population.swift in Sources */,
				B902F6F41E98CE1B00B91457 /* Chromosome.swift in Sources */,
				B902F6FC1E98D0F600B91457 /* TestHelper.swift in Sources */,
				B902F6F61E98CE2300B91457 /* GeneticAlgorithm.swift in Sources */,
				B902F6F71E98CE2300B91457 /* Mutation.swift in Sources */,
			);
			runOnlyForDeploymentPostprocessing = 0;
		};
		B90B79781E960F5800B38049 /* Sources */ = {
			isa = PBXSourcesBuildPhase;
			buildActionMask = 2147483647;
			files = (
				B97D58381E977061001B522F /* Fitness.swift in Sources */,
				B90B79801E960F5800B38049 /* main.swift in Sources */,
				B9845BD71E9C821B0049C6E7 /* Board.swift in Sources */,
				B97BFD081EA492050046E642 /* Parameter.swift in Sources */,
				B97BFD0A1EA495480046E642 /* Sudoku.swift in Sources */,
				B90B79871E96187600B38049 /* Chromosome.swift in Sources */,
				B97D583E1E977D01001B522F /* Reproduction.swift in Sources */,
				B9C498C01E9B507600144E12 /* Output.swift in Sources */,
				B97D583A1E9779B9001B522F /* Population.swift in Sources */,
				B90B798B1E96293E00B38049 /* GeneticAlgorithm.swift in Sources */,
				B90B79891E96204A00B38049 /* Organism.swift in Sources */,
				B97D58361E9769BF001B522F /* Mutation.swift in Sources */,
				B97BFD061EA452A80046E642 /* FileIO.swift in Sources */,
			);
			runOnlyForDeploymentPostprocessing = 0;
		};
/* End PBXSourcesBuildPhase section */

/* Begin XCBuildConfiguration section */
		B902F6F01E98CDC400B91457 /* Debug */ = {
			isa = XCBuildConfiguration;
			buildSettings = {
				CLANG_ENABLE_MODULES = YES;
				COMBINE_HIDPI_IMAGES = YES;
				DEVELOPMENT_TEAM = 4WBRGV5Z9M;
				INFOPLIST_FILE = GeneticAlgoSudokuTests/Info.plist;
				LD_RUNPATH_SEARCH_PATHS = "$(inherited) @executable_path/../Frameworks @loader_path/../Frameworks";
				PRODUCT_BUNDLE_IDENTIFIER = com.ner.GeneticAlgoSudokuTests;
				PRODUCT_NAME = "$(TARGET_NAME)";
				SWIFT_ACTIVE_COMPILATION_CONDITIONS = DEBUG;
				SWIFT_OPTIMIZATION_LEVEL = "-Onone";
				SWIFT_VERSION = 3.0;
			};
			name = Debug;
		};
		B902F6F11E98CDC400B91457 /* Release */ = {
			isa = XCBuildConfiguration;
			buildSettings = {
				CLANG_ENABLE_MODULES = YES;
				COMBINE_HIDPI_IMAGES = YES;
				DEVELOPMENT_TEAM = 4WBRGV5Z9M;
				INFOPLIST_FILE = GeneticAlgoSudokuTests/Info.plist;
				LD_RUNPATH_SEARCH_PATHS = "$(inherited) @executable_path/../Frameworks @loader_path/../Frameworks";
				PRODUCT_BUNDLE_IDENTIFIER = com.ner.GeneticAlgoSudokuTests;
				PRODUCT_NAME = "$(TARGET_NAME)";
				SWIFT_OPTIMIZATION_LEVEL = "-Owholemodule";
				SWIFT_VERSION = 3.0;
			};
			name = Release;
		};
		B90B79811E960F5800B38049 /* Debug */ = {
			isa = XCBuildConfiguration;
			buildSettings = {
				ALWAYS_SEARCH_USER_PATHS = NO;
				CLANG_ANALYZER_NONNULL = YES;
				CLANG_CXX_LANGUAGE_STANDARD = "gnu++0x";
				CLANG_CXX_LIBRARY = "libc++";
				CLANG_ENABLE_MODULES = YES;
				CLANG_ENABLE_OBJC_ARC = YES;
				CLANG_WARN_BOOL_CONVERSION = YES;
				CLANG_WARN_CONSTANT_CONVERSION = YES;
				CLANG_WARN_DIRECT_OBJC_ISA_USAGE = YES_ERROR;
				CLANG_WARN_DOCUMENTATION_COMMENTS = YES;
				CLANG_WARN_EMPTY_BODY = YES;
				CLANG_WARN_ENUM_CONVERSION = YES;
				CLANG_WARN_INFINITE_RECURSION = YES;
				CLANG_WARN_INT_CONVERSION = YES;
				CLANG_WARN_OBJC_ROOT_CLASS = YES_ERROR;
				CLANG_WARN_SUSPICIOUS_MOVES = YES;
				CLANG_WARN_UNREACHABLE_CODE = YES;
				CLANG_WARN__DUPLICATE_METHOD_MATCH = YES;
				CODE_SIGN_IDENTITY = "-";
				COPY_PHASE_STRIP = NO;
				DEBUG_INFORMATION_FORMAT = dwarf;
				ENABLE_STRICT_OBJC_MSGSEND = YES;
				ENABLE_TESTABILITY = YES;
				GCC_C_LANGUAGE_STANDARD = gnu99;
				GCC_DYNAMIC_NO_PIC = NO;
				GCC_NO_COMMON_BLOCKS = YES;
				GCC_OPTIMIZATION_LEVEL = 0;
				GCC_PREPROCESSOR_DEFINITIONS = (
					"DEBUG=1",
					"$(inherited)",
				);
				GCC_WARN_64_TO_32_BIT_CONVERSION = YES;
				GCC_WARN_ABOUT_RETURN_TYPE = YES_ERROR;
				GCC_WARN_UNDECLARED_SELECTOR = YES;
				GCC_WARN_UNINITIALIZED_AUTOS = YES_AGGRESSIVE;
				GCC_WARN_UNUSED_FUNCTION = YES;
				GCC_WARN_UNUSED_VARIABLE = YES;
				MACOSX_DEPLOYMENT_TARGET = 10.11;
				MTL_ENABLE_DEBUG_INFO = YES;
				ONLY_ACTIVE_ARCH = YES;
				SDKROOT = macosx;
				SWIFT_OPTIMIZATION_LEVEL = "-Onone";
			};
			name = Debug;
		};
		B90B79821E960F5800B38049 /* Release */ = {
			isa = XCBuildConfiguration;
			buildSettings = {
				ALWAYS_SEARCH_USER_PATHS = NO;
				CLANG_ANALYZER_NONNULL = YES;
				CLANG_CXX_LANGUAGE_STANDARD = "gnu++0x";
				CLANG_CXX_LIBRARY = "libc++";
				CLANG_ENABLE_MODULES = YES;
				CLANG_ENABLE_OBJC_ARC = YES;
				CLANG_WARN_BOOL_CONVERSION = YES;
				CLANG_WARN_CONSTANT_CONVERSION = YES;
				CLANG_WARN_DIRECT_OBJC_ISA_USAGE = YES_ERROR;
				CLANG_WARN_DOCUMENTATION_COMMENTS = YES;
				CLANG_WARN_EMPTY_BODY = YES;
				CLANG_WARN_ENUM_CONVERSION = YES;
				CLANG_WARN_INFINITE_RECURSION = YES;
				CLANG_WARN_INT_CONVERSION = YES;
				CLANG_WARN_OBJC_ROOT_CLASS = YES_ERROR;
				CLANG_WARN_SUSPICIOUS_MOVES = YES;
				CLANG_WARN_UNREACHABLE_CODE = YES;
				CLANG_WARN__DUPLICATE_METHOD_MATCH = YES;
				CODE_SIGN_IDENTITY = "-";
				COPY_PHASE_STRIP = NO;
				DEBUG_INFORMATION_FORMAT = "dwarf-with-dsym";
				ENABLE_NS_ASSERTIONS = NO;
				ENABLE_STRICT_OBJC_MSGSEND = YES;
				GCC_C_LANGUAGE_STANDARD = gnu99;
				GCC_NO_COMMON_BLOCKS = YES;
				GCC_WARN_64_TO_32_BIT_CONVERSION = YES;
				GCC_WARN_ABOUT_RETURN_TYPE = YES_ERROR;
				GCC_WARN_UNDECLARED_SELECTOR = YES;
				GCC_WARN_UNINITIALIZED_AUTOS = YES_AGGRESSIVE;
				GCC_WARN_UNUSED_FUNCTION = YES;
				GCC_WARN_UNUSED_VARIABLE = YES;
				MACOSX_DEPLOYMENT_TARGET = 10.11;
				MTL_ENABLE_DEBUG_INFO = NO;
				SDKROOT = macosx;
			};
			name = Release;
		};
		B90B79841E960F5800B38049 /* Debug */ = {
			isa = XCBuildConfiguration;
			buildSettings = {
				DEVELOPMENT_TEAM = 4WBRGV5Z9M;
				PRODUCT_NAME = "$(TARGET_NAME)";
				SWIFT_VERSION = 3.0;
			};
			name = Debug;
		};
		B90B79851E960F5800B38049 /* Release */ = {
			isa = XCBuildConfiguration;
			buildSettings = {
				DEVELOPMENT_TEAM = 4WBRGV5Z9M;
				PRODUCT_NAME = "$(TARGET_NAME)";
				SWIFT_VERSION = 3.0;
			};
			name = Release;
		};
/* End XCBuildConfiguration section */

/* Begin XCConfigurationList section */
		B902F6EF1E98CDC400B91457 /* Build configuration list for PBXNativeTarget "GeneticAlgoSudokuTests" */ = {
			isa = XCConfigurationList;
			buildConfigurations = (
				B902F6F01E98CDC400B91457 /* Debug */,
				B902F6F11E98CDC400B91457 /* Release */,
			);
			defaultConfigurationIsVisible = 0;
			defaultConfigurationName = Release;
		};
		B90B79771E960F5800B38049 /* Build configuration list for PBXProject "GeneticAlgoSudoku" */ = {
			isa = XCConfigurationList;
			buildConfigurations = (
				B90B79811E960F5800B38049 /* Debug */,
				B90B79821E960F5800B38049 /* Release */,
			);
			defaultConfigurationIsVisible = 0;
			defaultConfigurationName = Release;
		};
		B90B79831E960F5800B38049 /* Build configuration list for PBXNativeTarget "GeneticAlgoSudoku" */ = {
			isa = XCConfigurationList;
			buildConfigurations = (
				B90B79841E960F5800B38049 /* Debug */,
				B90B79851E960F5800B38049 /* Release */,
			);
			defaultConfigurationIsVisible = 0;
			defaultConfigurationName = Release;
		};
/* End XCConfigurationList section */
	};
	rootObject = B90B79741E960F5800B38049 /* Project object */;
}
